// !$*UTF8*$!
{
	archiveVersion = 1;
	classes = {
	};
	objectVersion = 50;
	objects = {

/* Begin PBXBuildFile section */
		5831B339273F2B32009CC821 /* AppDelegate.swift in Sources */ = {isa = PBXBuildFile; fileRef = 5831B338273F2B32009CC821 /* AppDelegate.swift */; };
		5831B33B273F2B32009CC821 /* SceneDelegate.swift in Sources */ = {isa = PBXBuildFile; fileRef = 5831B33A273F2B32009CC821 /* SceneDelegate.swift */; };
		5831B33D273F2B32009CC821 /* ViewController.swift in Sources */ = {isa = PBXBuildFile; fileRef = 5831B33C273F2B32009CC821 /* ViewController.swift */; };
		5831B340273F2B32009CC821 /* Main.storyboard in Resources */ = {isa = PBXBuildFile; fileRef = 5831B33E273F2B32009CC821 /* Main.storyboard */; };
		5831B342273F2B34009CC821 /* Assets.xcassets in Resources */ = {isa = PBXBuildFile; fileRef = 5831B341273F2B34009CC821 /* Assets.xcassets */; };
		5831B345273F2B34009CC821 /* LaunchScreen.storyboard in Resources */ = {isa = PBXBuildFile; fileRef = 5831B343273F2B34009CC821 /* LaunchScreen.storyboard */; };
		7F9074BA2754445500A42EB0 /* DiscoverViewController.swift in Sources */ = {isa = PBXBuildFile; fileRef = 7F9074B92754445500A42EB0 /* DiscoverViewController.swift */; };
		7F9074BC275446E800A42EB0 /* User.swift in Sources */ = {isa = PBXBuildFile; fileRef = 7F9074BB275446E800A42EB0 /* User.swift */; };
		7F9074BE275447B600A42EB0 /* Organization.swift in Sources */ = {isa = PBXBuildFile; fileRef = 7F9074BD275447B600A42EB0 /* Organization.swift */; };
		7F9074C027544AFB00A42EB0 /* DiscoverCell.swift in Sources */ = {isa = PBXBuildFile; fileRef = 7F9074BF27544AFB00A42EB0 /* DiscoverCell.swift */; };
		9BB3408085BBE5EA77CD22A2 /* Pods_WU_Events.framework in Frameworks */ = {isa = PBXBuildFile; fileRef = F94822AAEF65C477FF8BEB5D /* Pods_WU_Events.framework */; };
/* End PBXBuildFile section */

/* Begin PBXFileReference section */
		5831B335273F2B32009CC821 /* WU Events.app */ = {isa = PBXFileReference; explicitFileType = wrapper.application; includeInIndex = 0; path = "WU Events.app"; sourceTree = BUILT_PRODUCTS_DIR; };
		5831B338273F2B32009CC821 /* AppDelegate.swift */ = {isa = PBXFileReference; lastKnownFileType = sourcecode.swift; path = AppDelegate.swift; sourceTree = "<group>"; };
		5831B33A273F2B32009CC821 /* SceneDelegate.swift */ = {isa = PBXFileReference; lastKnownFileType = sourcecode.swift; path = SceneDelegate.swift; sourceTree = "<group>"; };
		5831B33C273F2B32009CC821 /* ViewController.swift */ = {isa = PBXFileReference; lastKnownFileType = sourcecode.swift; path = ViewController.swift; sourceTree = "<group>"; };
		5831B33F273F2B32009CC821 /* Base */ = {isa = PBXFileReference; lastKnownFileType = file.storyboard; name = Base; path = Base.lproj/Main.storyboard; sourceTree = "<group>"; };
		5831B341273F2B34009CC821 /* Assets.xcassets */ = {isa = PBXFileReference; lastKnownFileType = folder.assetcatalog; path = Assets.xcassets; sourceTree = "<group>"; };
		5831B344273F2B34009CC821 /* Base */ = {isa = PBXFileReference; lastKnownFileType = file.storyboard; name = Base; path = Base.lproj/LaunchScreen.storyboard; sourceTree = "<group>"; };
		5831B346273F2B34009CC821 /* Info.plist */ = {isa = PBXFileReference; lastKnownFileType = text.plist.xml; path = Info.plist; sourceTree = "<group>"; };
		596A8964243F67F3968E1DBD /* Pods-WU Events.release.xcconfig */ = {isa = PBXFileReference; includeInIndex = 1; lastKnownFileType = text.xcconfig; name = "Pods-WU Events.release.xcconfig"; path = "Target Support Files/Pods-WU Events/Pods-WU Events.release.xcconfig"; sourceTree = "<group>"; };
		649CC65C36A8122AB0C32403 /* Pods-WU Events.debug.xcconfig */ = {isa = PBXFileReference; includeInIndex = 1; lastKnownFileType = text.xcconfig; name = "Pods-WU Events.debug.xcconfig"; path = "Target Support Files/Pods-WU Events/Pods-WU Events.debug.xcconfig"; sourceTree = "<group>"; };
		7F9074B92754445500A42EB0 /* DiscoverViewController.swift */ = {isa = PBXFileReference; lastKnownFileType = sourcecode.swift; path = DiscoverViewController.swift; sourceTree = "<group>"; };
		7F9074BB275446E800A42EB0 /* User.swift */ = {isa = PBXFileReference; lastKnownFileType = sourcecode.swift; path = User.swift; sourceTree = "<group>"; };
		7F9074BD275447B600A42EB0 /* Organization.swift */ = {isa = PBXFileReference; lastKnownFileType = sourcecode.swift; path = Organization.swift; sourceTree = "<group>"; };
		7F9074BF27544AFB00A42EB0 /* DiscoverCell.swift */ = {isa = PBXFileReference; lastKnownFileType = sourcecode.swift; path = DiscoverCell.swift; sourceTree = "<group>"; };
		F94822AAEF65C477FF8BEB5D /* Pods_WU_Events.framework */ = {isa = PBXFileReference; explicitFileType = wrapper.framework; includeInIndex = 0; path = Pods_WU_Events.framework; sourceTree = BUILT_PRODUCTS_DIR; };
/* End PBXFileReference section */

/* Begin PBXFrameworksBuildPhase section */
		5831B332273F2B32009CC821 /* Frameworks */ = {
			isa = PBXFrameworksBuildPhase;
			buildActionMask = 2147483647;
			files = (
				9BB3408085BBE5EA77CD22A2 /* Pods_WU_Events.framework in Frameworks */,
			);
			runOnlyForDeploymentPostprocessing = 0;
		};
/* End PBXFrameworksBuildPhase section */

/* Begin PBXGroup section */
		5831B32C273F2B32009CC821 = {
			isa = PBXGroup;
			children = (
				5831B337273F2B32009CC821 /* WU Events */,
				5831B336273F2B32009CC821 /* Products */,
				C8CF7268173EDD072E664043 /* Pods */,
				918A1D4E51B2AA714808A000 /* Frameworks */,
			);
			sourceTree = "<group>";
		};
		5831B336273F2B32009CC821 /* Products */ = {
			isa = PBXGroup;
			children = (
				5831B335273F2B32009CC821 /* WU Events.app */,
			);
			name = Products;
			sourceTree = "<group>";
		};
		5831B337273F2B32009CC821 /* WU Events */ = {
			isa = PBXGroup;
			children = (
				5831B338273F2B32009CC821 /* AppDelegate.swift */,
				5831B33A273F2B32009CC821 /* SceneDelegate.swift */,
				5831B33C273F2B32009CC821 /* ViewController.swift */,
				5831B33E273F2B32009CC821 /* Main.storyboard */,
				5831B341273F2B34009CC821 /* Assets.xcassets */,
				5831B343273F2B34009CC821 /* LaunchScreen.storyboard */,
				5831B346273F2B34009CC821 /* Info.plist */,
				7F9074B92754445500A42EB0 /* DiscoverViewController.swift */,
				7F9074BB275446E800A42EB0 /* User.swift */,
				7F9074BD275447B600A42EB0 /* Organization.swift */,
				7F9074BF27544AFB00A42EB0 /* DiscoverCell.swift */,
			);
			path = "WU Events";
			sourceTree = "<group>";
		};
		918A1D4E51B2AA714808A000 /* Frameworks */ = {
			isa = PBXGroup;
			children = (
				F94822AAEF65C477FF8BEB5D /* Pods_WU_Events.framework */,
			);
			name = Frameworks;
			sourceTree = "<group>";
		};
		C8CF7268173EDD072E664043 /* Pods */ = {
			isa = PBXGroup;
			children = (
				649CC65C36A8122AB0C32403 /* Pods-WU Events.debug.xcconfig */,
				596A8964243F67F3968E1DBD /* Pods-WU Events.release.xcconfig */,
			);
			path = Pods;
			sourceTree = "<group>";
		};
/* End PBXGroup section */

/* Begin PBXNativeTarget section */
		5831B334273F2B32009CC821 /* WU Events */ = {
			isa = PBXNativeTarget;
			buildConfigurationList = 5831B349273F2B34009CC821 /* Build configuration list for PBXNativeTarget "WU Events" */;
			buildPhases = (
				854CD64BD97AFD2A8520C523 /* [CP] Check Pods Manifest.lock */,
				5831B331273F2B32009CC821 /* Sources */,
				5831B332273F2B32009CC821 /* Frameworks */,
				5831B333273F2B32009CC821 /* Resources */,
			);
			buildRules = (
			);
			dependencies = (
			);
			name = "WU Events";
			productName = "WU Events";
			productReference = 5831B335273F2B32009CC821 /* WU Events.app */;
			productType = "com.apple.product-type.application";
		};
/* End PBXNativeTarget section */

/* Begin PBXProject section */
		5831B32D273F2B32009CC821 /* Project object */ = {
			isa = PBXProject;
			attributes = {
				LastSwiftUpdateCheck = 1250;
				LastUpgradeCheck = 1250;
				TargetAttributes = {
					5831B334273F2B32009CC821 = {
						CreatedOnToolsVersion = 12.5;
					};
				};
			};
			buildConfigurationList = 5831B330273F2B32009CC821 /* Build configuration list for PBXProject "WU Events" */;
			compatibilityVersion = "Xcode 9.3";
			developmentRegion = en;
			hasScannedForEncodings = 0;
			knownRegions = (
				en,
				Base,
			);
			mainGroup = 5831B32C273F2B32009CC821;
			productRefGroup = 5831B336273F2B32009CC821 /* Products */;
			projectDirPath = "";
			projectRoot = "";
			targets = (
				5831B334273F2B32009CC821 /* WU Events */,
			);
		};
/* End PBXProject section */

/* Begin PBXResourcesBuildPhase section */
		5831B333273F2B32009CC821 /* Resources */ = {
			isa = PBXResourcesBuildPhase;
			buildActionMask = 2147483647;
			files = (
				5831B345273F2B34009CC821 /* LaunchScreen.storyboard in Resources */,
				5831B342273F2B34009CC821 /* Assets.xcassets in Resources */,
				5831B340273F2B32009CC821 /* Main.storyboard in Resources */,
			);
			runOnlyForDeploymentPostprocessing = 0;
		};
/* End PBXResourcesBuildPhase section */

/* Begin PBXShellScriptBuildPhase section */
		854CD64BD97AFD2A8520C523 /* [CP] Check Pods Manifest.lock */ = {
			isa = PBXShellScriptBuildPhase;
			buildActionMask = 2147483647;
			files = (
			);
			inputFileListPaths = (
			);
			inputPaths = (
				"${PODS_PODFILE_DIR_PATH}/Podfile.lock",
				"${PODS_ROOT}/Manifest.lock",
			);
			name = "[CP] Check Pods Manifest.lock";
			outputFileListPaths = (
			);
			outputPaths = (
				"$(DERIVED_FILE_DIR)/Pods-WU Events-checkManifestLockResult.txt",
			);
			runOnlyForDeploymentPostprocessing = 0;
			shellPath = /bin/sh;
			shellScript = "diff \"${PODS_PODFILE_DIR_PATH}/Podfile.lock\" \"${PODS_ROOT}/Manifest.lock\" > /dev/null\nif [ $? != 0 ] ; then\n    # print error to STDERR\n    echo \"error: The sandbox is not in sync with the Podfile.lock. Run 'pod install' or update your CocoaPods installation.\" >&2\n    exit 1\nfi\n# This output is used by Xcode 'outputs' to avoid re-running this script phase.\necho \"SUCCESS\" > \"${SCRIPT_OUTPUT_FILE_0}\"\n";
			showEnvVarsInLog = 0;
		};
/* End PBXShellScriptBuildPhase section */

/* Begin PBXSourcesBuildPhase section */
		5831B331273F2B32009CC821 /* Sources */ = {
			isa = PBXSourcesBuildPhase;
			buildActionMask = 2147483647;
			files = (
				5831B33D273F2B32009CC821 /* ViewController.swift in Sources */,
				7F9074BA2754445500A42EB0 /* DiscoverViewController.swift in Sources */,
				5831B339273F2B32009CC821 /* AppDelegate.swift in Sources */,
				7F9074BC275446E800A42EB0 /* User.swift in Sources */,
				7F9074C027544AFB00A42EB0 /* DiscoverCell.swift in Sources */,
				7F9074BE275447B600A42EB0 /* Organization.swift in Sources */,
				5831B33B273F2B32009CC821 /* SceneDelegate.swift in Sources */,
			);
			runOnlyForDeploymentPostprocessing = 0;
		};
/* End PBXSourcesBuildPhase section */

/* Begin PBXVariantGroup section */
		5831B33E273F2B32009CC821 /* Main.storyboard */ = {
			isa = PBXVariantGroup;
			children = (
				5831B33F273F2B32009CC821 /* Base */,
			);
			name = Main.storyboard;
			sourceTree = "<group>";
		};
		5831B343273F2B34009CC821 /* LaunchScreen.storyboard */ = {
			isa = PBXVariantGroup;
			children = (
				5831B344273F2B34009CC821 /* Base */,
			);
			name = LaunchScreen.storyboard;
			sourceTree = "<group>";
		};
/* End PBXVariantGroup section */

/* Begin XCBuildConfiguration section */
		5831B347273F2B34009CC821 /* Debug */ = {
			isa = XCBuildConfiguration;
			buildSettings = {
				ALWAYS_SEARCH_USER_PATHS = NO;
				CLANG_ANALYZER_NONNULL = YES;
				CLANG_ANALYZER_NUMBER_OBJECT_CONVERSION = YES_AGGRESSIVE;
				CLANG_CXX_LANGUAGE_STANDARD = "gnu++14";
				CLANG_CXX_LIBRARY = "libc++";
				CLANG_ENABLE_MODULES = YES;
				CLANG_ENABLE_OBJC_ARC = YES;
				CLANG_ENABLE_OBJC_WEAK = YES;
				CLANG_WARN_BLOCK_CAPTURE_AUTORELEASING = YES;
				CLANG_WARN_BOOL_CONVERSION = YES;
				CLANG_WARN_COMMA = YES;
				CLANG_WARN_CONSTANT_CONVERSION = YES;
				CLANG_WARN_DEPRECATED_OBJC_IMPLEMENTATIONS = YES;
				CLANG_WARN_DIRECT_OBJC_ISA_USAGE = YES_ERROR;
				CLANG_WARN_DOCUMENTATION_COMMENTS = YES;
				CLANG_WARN_EMPTY_BODY = YES;
				CLANG_WARN_ENUM_CONVERSION = YES;
				CLANG_WARN_INFINITE_RECURSION = YES;
				CLANG_WARN_INT_CONVERSION = YES;
				CLANG_WARN_NON_LITERAL_NULL_CONVERSION = YES;
				CLANG_WARN_OBJC_IMPLICIT_RETAIN_SELF = YES;
				CLANG_WARN_OBJC_LITERAL_CONVERSION = YES;
				CLANG_WARN_OBJC_ROOT_CLASS = YES_ERROR;
				CLANG_WARN_QUOTED_INCLUDE_IN_FRAMEWORK_HEADER = YES;
				CLANG_WARN_RANGE_LOOP_ANALYSIS = YES;
				CLANG_WARN_STRICT_PROTOTYPES = YES;
				CLANG_WARN_SUSPICIOUS_MOVE = YES;
				CLANG_WARN_UNGUARDED_AVAILABILITY = YES_AGGRESSIVE;
				CLANG_WARN_UNREACHABLE_CODE = YES;
				CLANG_WARN__DUPLICATE_METHOD_MATCH = YES;
				COPY_PHASE_STRIP = NO;
				DEBUG_INFORMATION_FORMAT = dwarf;
				ENABLE_STRICT_OBJC_MSGSEND = YES;
				ENABLE_TESTABILITY = YES;
				GCC_C_LANGUAGE_STANDARD = gnu11;
				GCC_DYNAMIC_NO_PIC = NO;
				GCC_NO_COMMON_BLOCKS = YES;
				GCC_OPTIMIZATION_LEVEL = 0;
				GCC_PREPROCESSOR_DEFINITIONS = (
					"DEBUG=1",
					"$(inherited)",
				);
				GCC_WARN_64_TO_32_BIT_CONVERSION = YES;
				GCC_WARN_ABOUT_RETURN_TYPE = YES_ERROR;
				GCC_WARN_UNDECLARED_SELECTOR = YES;
				GCC_WARN_UNINITIALIZED_AUTOS = YES_AGGRESSIVE;
				GCC_WARN_UNUSED_FUNCTION = YES;
				GCC_WARN_UNUSED_VARIABLE = YES;
				IPHONEOS_DEPLOYMENT_TARGET = 14.5;
				MTL_ENABLE_DEBUG_INFO = INCLUDE_SOURCE;
				MTL_FAST_MATH = YES;
				ONLY_ACTIVE_ARCH = YES;
				SDKROOT = iphoneos;
				SWIFT_ACTIVE_COMPILATION_CONDITIONS = DEBUG;
				SWIFT_OPTIMIZATION_LEVEL = "-Onone";
			};
			name = Debug;
		};
		5831B348273F2B34009CC821 /* Release */ = {
			isa = XCBuildConfiguration;
			buildSettings = {
				ALWAYS_SEARCH_USER_PATHS = NO;
				CLANG_ANALYZER_NONNULL = YES;
				CLANG_ANALYZER_NUMBER_OBJECT_CONVERSION = YES_AGGRESSIVE;
				CLANG_CXX_LANGUAGE_STANDARD = "gnu++14";
				CLANG_CXX_LIBRARY = "libc++";
				CLANG_ENABLE_MODULES = YES;
				CLANG_ENABLE_OBJC_ARC = YES;
				CLANG_ENABLE_OBJC_WEAK = YES;
				CLANG_WARN_BLOCK_CAPTURE_AUTORELEASING = YES;
				CLANG_WARN_BOOL_CONVERSION = YES;
				CLANG_WARN_COMMA = YES;
				CLANG_WARN_CONSTANT_CONVERSION = YES;
				CLANG_WARN_DEPRECATED_OBJC_IMPLEMENTATIONS = YES;
				CLANG_WARN_DIRECT_OBJC_ISA_USAGE = YES_ERROR;
				CLANG_WARN_DOCUMENTATION_COMMENTS = YES;
				CLANG_WARN_EMPTY_BODY = YES;
				CLANG_WARN_ENUM_CONVERSION = YES;
				CLANG_WARN_INFINITE_RECURSION = YES;
				CLANG_WARN_INT_CONVERSION = YES;
				CLANG_WARN_NON_LITERAL_NULL_CONVERSION = YES;
				CLANG_WARN_OBJC_IMPLICIT_RETAIN_SELF = YES;
				CLANG_WARN_OBJC_LITERAL_CONVERSION = YES;
				CLANG_WARN_OBJC_ROOT_CLASS = YES_ERROR;
				CLANG_WARN_QUOTED_INCLUDE_IN_FRAMEWORK_HEADER = YES;
				CLANG_WARN_RANGE_LOOP_ANALYSIS = YES;
				CLANG_WARN_STRICT_PROTOTYPES = YES;
				CLANG_WARN_SUSPICIOUS_MOVE = YES;
				CLANG_WARN_UNGUARDED_AVAILABILITY = YES_AGGRESSIVE;
				CLANG_WARN_UNREACHABLE_CODE = YES;
				CLANG_WARN__DUPLICATE_METHOD_MATCH = YES;
				COPY_PHASE_STRIP = NO;
				DEBUG_INFORMATION_FORMAT = "dwarf-with-dsym";
				ENABLE_NS_ASSERTIONS = NO;
				ENABLE_STRICT_OBJC_MSGSEND = YES;
				GCC_C_LANGUAGE_STANDARD = gnu11;
				GCC_NO_COMMON_BLOCKS = YES;
				GCC_WARN_64_TO_32_BIT_CONVERSION = YES;
				GCC_WARN_ABOUT_RETURN_TYPE = YES_ERROR;
				GCC_WARN_UNDECLARED_SELECTOR = YES;
				GCC_WARN_UNINITIALIZED_AUTOS = YES_AGGRESSIVE;
				GCC_WARN_UNUSED_FUNCTION = YES;
				GCC_WARN_UNUSED_VARIABLE = YES;
				IPHONEOS_DEPLOYMENT_TARGET = 14.5;
				MTL_ENABLE_DEBUG_INFO = NO;
				MTL_FAST_MATH = YES;
				SDKROOT = iphoneos;
				SWIFT_COMPILATION_MODE = wholemodule;
				SWIFT_OPTIMIZATION_LEVEL = "-O";
				VALIDATE_PRODUCT = YES;
			};
			name = Release;
		};
		5831B34A273F2B34009CC821 /* Debug */ = {
			isa = XCBuildConfiguration;
			baseConfigurationReference = 649CC65C36A8122AB0C32403 /* Pods-WU Events.debug.xcconfig */;
			buildSettings = {
				ASSETCATALOG_COMPILER_APPICON_NAME = AppIcon;
				ASSETCATALOG_COMPILER_GLOBAL_ACCENT_COLOR_NAME = AccentColor;
				CODE_SIGN_STYLE = Automatic;
				INFOPLIST_FILE = "WU Events/Info.plist";
				LD_RUNPATH_SEARCH_PATHS = (
					"$(inherited)",
					"@executable_path/Frameworks",
				);
				PRODUCT_BUNDLE_IDENTIFIER = "com.dsc.wuevents.WU-Events";
				PRODUCT_NAME = "$(TARGET_NAME)";
				SWIFT_VERSION = 5.0;
				TARGETED_DEVICE_FAMILY = "1,2";
			};
			name = Debug;
		};
		5831B34B273F2B34009CC821 /* Release */ = {
			isa = XCBuildConfiguration;
			baseConfigurationReference = 596A8964243F67F3968E1DBD /* Pods-WU Events.release.xcconfig */;
			buildSettings = {
				ASSETCATALOG_COMPILER_APPICON_NAME = AppIcon;
				ASSETCATALOG_COMPILER_GLOBAL_ACCENT_COLOR_NAME = AccentColor;
				CODE_SIGN_STYLE = Automatic;
				INFOPLIST_FILE = "WU Events/Info.plist";
				LD_RUNPATH_SEARCH_PATHS = (
					"$(inherited)",
					"@executable_path/Frameworks",
				);
				PRODUCT_BUNDLE_IDENTIFIER = "com.dsc.wuevents.WU-Events";
				PRODUCT_NAME = "$(TARGET_NAME)";
				SWIFT_VERSION = 5.0;
				TARGETED_DEVICE_FAMILY = "1,2";
			};
			name = Release;
		};
/* End XCBuildConfiguration section */

/* Begin XCConfigurationList section */
		5831B330273F2B32009CC821 /* Build configuration list for PBXProject "WU Events" */ = {
			isa = XCConfigurationList;
			buildConfigurations = (
				5831B347273F2B34009CC821 /* Debug */,
				5831B348273F2B34009CC821 /* Release */,
			);
			defaultConfigurationIsVisible = 0;
			defaultConfigurationName = Release;
		};
		5831B349273F2B34009CC821 /* Build configuration list for PBXNativeTarget "WU Events" */ = {
			isa = XCConfigurationList;
			buildConfigurations = (
				5831B34A273F2B34009CC821 /* Debug */,
				5831B34B273F2B34009CC821 /* Release */,
			);
			defaultConfigurationIsVisible = 0;
			defaultConfigurationName = Release;
		};
/* End XCConfigurationList section */
	};
	rootObject = 5831B32D273F2B32009CC821 /* Project object */;
}
